
Microsoft Visual Studio Solution File, Format Version 12.00
# Visual Studio Version 16
VisualStudioVersion = 16.0.30225.117
MinimumVisualStudioVersion = 10.0.40219.1
Project("{8BC9CEB8-8B4A-11D0-8D11-00A0C91BC942}") = "Sum Of Fıst 'n' Natrurel Numbers", "Sum Of Fıst 'n' Natrurel Numbers.vcxproj", "{242CF746-2272-4167-82C7-3DFB1A28B5D0}"
EndProject
Global
	GlobalSection(SolutionConfigurationPlatforms) = preSolution
		Debug|x64 = Debug|x64
		Debug|x86 = Debug|x86
		Release|x64 = Release|x64
		Release|x86 = Release|x86
	EndGlobalSection
	GlobalSection(ProjectConfigurationPlatforms) = postSolution
		{242CF746-2272-4167-82C7-3DFB1A28B5D0}.Debug|x64.ActiveCfg = Debug|x64
		{242CF746-2272-4167-82C7-3DFB1A28B5D0}.Debug|x64.Build.0 = Debug|x64
		{242CF746-2272-4167-82C7-3DFB1A28B5D0}.Debug|x86.ActiveCfg = Debug|Win32
		{242CF746-2272-4167-82C7-3DFB1A28B5D0}.Debug|x86.Build.0 = Debug|Win32
		{242CF746-2272-4167-82C7-3DFB1A28B5D0}.Release|x64.ActiveCfg = Release|x64
		{242CF746-2272-4167-82C7-3DFB1A28B5D0}.Release|x64.Build.0 = Release|x64
		{242CF746-2272-4167-82C7-3DFB1A28B5D0}.Release|x86.ActiveCfg = Release|Win32
		{242CF746-2272-4167-82C7-3DFB1A28B5D0}.Release|x86.Build.0 = Release|Win32
	EndGlobalSection
	GlobalSection(SolutionProperties) = preSolution
		HideSolutionNode = FALSE
	EndGlobalSection
	GlobalSection(ExtensibilityGlobals) = postSolution
		SolutionGuid = {5B69F5E5-BE9C-474B-964D-82B07C20842A}
	EndGlobalSection
EndGlobal
