
Microsoft Visual Studio Solution File, Format Version 12.00
# Visual Studio Version 16
VisualStudioVersion = 16.0.30225.117
MinimumVisualStudioVersion = 10.0.40219.1
Project("{8BC9CEB8-8B4A-11D0-8D11-00A0C91BC942}") = "Taylor Series Using Recursion", "Taylor Series Using Recursion.vcxproj", "{307E9EA4-BF3F-449F-B06F-F1B70D3DCE59}"
EndProject
Global
	GlobalSection(SolutionConfigurationPlatforms) = preSolution
		Debug|x64 = Debug|x64
		Debug|x86 = Debug|x86
		Release|x64 = Release|x64
		Release|x86 = Release|x86
	EndGlobalSection
	GlobalSection(ProjectConfigurationPlatforms) = postSolution
		{307E9EA4-BF3F-449F-B06F-F1B70D3DCE59}.Debug|x64.ActiveCfg = Debug|x64
		{307E9EA4-BF3F-449F-B06F-F1B70D3DCE59}.Debug|x64.Build.0 = Debug|x64
		{307E9EA4-BF3F-449F-B06F-F1B70D3DCE59}.Debug|x86.ActiveCfg = Debug|Win32
		{307E9EA4-BF3F-449F-B06F-F1B70D3DCE59}.Debug|x86.Build.0 = Debug|Win32
		{307E9EA4-BF3F-449F-B06F-F1B70D3DCE59}.Release|x64.ActiveCfg = Release|x64
		{307E9EA4-BF3F-449F-B06F-F1B70D3DCE59}.Release|x64.Build.0 = Release|x64
		{307E9EA4-BF3F-449F-B06F-F1B70D3DCE59}.Release|x86.ActiveCfg = Release|Win32
		{307E9EA4-BF3F-449F-B06F-F1B70D3DCE59}.Release|x86.Build.0 = Release|Win32
	EndGlobalSection
	GlobalSection(SolutionProperties) = preSolution
		HideSolutionNode = FALSE
	EndGlobalSection
	GlobalSection(ExtensibilityGlobals) = postSolution
		SolutionGuid = {2D186C9B-B90B-4AC6-9B82-8E0919DE8C6C}
	EndGlobalSection
EndGlobal
