
Microsoft Visual Studio Solution File, Format Version 12.00
# Visual Studio Version 16
VisualStudioVersion = 16.0.30225.117
MinimumVisualStudioVersion = 10.0.40219.1
Project("{8BC9CEB8-8B4A-11D0-8D11-00A0C91BC942}") = "4-Linear Search  and Improving Lınear Search", "4-Linear Search  and Improving Lınear Search.vcxproj", "{595AD94F-DF21-4322-9D25-20C021E0B909}"
EndProject
Global
	GlobalSection(SolutionConfigurationPlatforms) = preSolution
		Debug|x64 = Debug|x64
		Debug|x86 = Debug|x86
		Release|x64 = Release|x64
		Release|x86 = Release|x86
	EndGlobalSection
	GlobalSection(ProjectConfigurationPlatforms) = postSolution
		{595AD94F-DF21-4322-9D25-20C021E0B909}.Debug|x64.ActiveCfg = Debug|x64
		{595AD94F-DF21-4322-9D25-20C021E0B909}.Debug|x64.Build.0 = Debug|x64
		{595AD94F-DF21-4322-9D25-20C021E0B909}.Debug|x86.ActiveCfg = Debug|Win32
		{595AD94F-DF21-4322-9D25-20C021E0B909}.Debug|x86.Build.0 = Debug|Win32
		{595AD94F-DF21-4322-9D25-20C021E0B909}.Release|x64.ActiveCfg = Release|x64
		{595AD94F-DF21-4322-9D25-20C021E0B909}.Release|x64.Build.0 = Release|x64
		{595AD94F-DF21-4322-9D25-20C021E0B909}.Release|x86.ActiveCfg = Release|Win32
		{595AD94F-DF21-4322-9D25-20C021E0B909}.Release|x86.Build.0 = Release|Win32
	EndGlobalSection
	GlobalSection(SolutionProperties) = preSolution
		HideSolutionNode = FALSE
	EndGlobalSection
	GlobalSection(ExtensibilityGlobals) = postSolution
		SolutionGuid = {8CD416B8-A280-4929-8401-847C0AAD5FBB}
	EndGlobalSection
EndGlobal
